
Microsoft Visual Studio Solution File, Format Version 12.00
# Visual Studio Version 17
VisualStudioVersion = 17.0.31903.59
MinimumVisualStudioVersion = 10.0.40219.1
Project("{FAE04EC0-301F-11D3-BF4B-00C04F79EFBC}") = "Axol.Core", "src\Axol.Core\Axol.Core.csproj", "{A1B2C3D4-0001-0000-0000-000000000001}"
EndProject
Project("{FAE04EC0-301F-11D3-BF4B-00C04F79EFBC}") = "Axol.Lexer", "src\Axol.Lexer\Axol.Lexer.csproj", "{A1B2C3D4-0002-0000-0000-000000000002}"
EndProject
Project("{FAE04EC0-301F-11D3-BF4B-00C04F79EFBC}") = "Axol.Parser", "src\Axol.Parser\Axol.Parser.csproj", "{A1B2C3D4-0003-0000-0000-000000000003}"
EndProject
Project("{FAE04EC0-301F-11D3-BF4B-00C04F79EFBC}") = "Axol.TypeChecker", "src\Axol.TypeChecker\Axol.TypeChecker.csproj", "{A1B2C3D4-0004-0000-0000-000000000004}"
EndProject
Project("{FAE04EC0-301F-11D3-BF4B-00C04F79EFBC}") = "Axol.Interpreter", "src\Axol.Interpreter\Axol.Interpreter.csproj", "{A1B2C3D4-0005-0000-0000-000000000005}"
EndProject
Project("{FAE04EC0-301F-11D3-BF4B-00C04F79EFBC}") = "Axol.Cli", "src\Axol.Cli\Axol.Cli.csproj", "{A1B2C3D4-0006-0000-0000-000000000006}"
EndProject
Project("{FAE04EC0-301F-11D3-BF4B-00C04F79EFBC}") = "Axol.Lexer.Tests", "tests\Axol.Lexer.Tests\Axol.Lexer.Tests.csproj", "{A1B2C3D4-0101-0000-0000-000000000101}"
EndProject
Project("{FAE04EC0-301F-11D3-BF4B-00C04F79EFBC}") = "Axol.Parser.Tests", "tests\Axol.Parser.Tests\Axol.Parser.Tests.csproj", "{A1B2C3D4-0102-0000-0000-000000000102}"
EndProject
Project("{FAE04EC0-301F-11D3-BF4B-00C04F79EFBC}") = "Axol.TypeChecker.Tests", "tests\Axol.TypeChecker.Tests\Axol.TypeChecker.Tests.csproj", "{A1B2C3D4-0103-0000-0000-000000000103}"
EndProject
Project("{FAE04EC0-301F-11D3-BF4B-00C04F79EFBC}") = "Axol.Interpreter.Tests", "tests\Axol.Interpreter.Tests\Axol.Interpreter.Tests.csproj", "{A1B2C3D4-0104-0000-0000-000000000104}"
EndProject
Project("{FAE04EC0-301F-11D3-BF4B-00C04F79EFBC}") = "Axol.E2E.Tests", "tests\Axol.E2E.Tests\Axol.E2E.Tests.csproj", "{A1B2C3D4-0105-0000-0000-000000000105}"
EndProject
Global
	GlobalSection(SolutionConfigurationPlatforms) = preSolution
		Debug|Any CPU = Debug|Any CPU
		Release|Any CPU = Release|Any CPU
	EndGlobalSection
	GlobalSection(ProjectConfigurationPlatforms) = postSolution
		{A1B2C3D4-0001-0000-0000-000000000001}.Debug|Any CPU.ActiveCfg = Debug|Any CPU
		{A1B2C3D4-0001-0000-0000-000000000001}.Debug|Any CPU.Build.0 = Debug|Any CPU
		{A1B2C3D4-0001-0000-0000-000000000001}.Release|Any CPU.ActiveCfg = Release|Any CPU
		{A1B2C3D4-0001-0000-0000-000000000001}.Release|Any CPU.Build.0 = Release|Any CPU
		{A1B2C3D4-0002-0000-0000-000000000002}.Debug|Any CPU.ActiveCfg = Debug|Any CPU
		{A1B2C3D4-0002-0000-0000-000000000002}.Debug|Any CPU.Build.0 = Debug|Any CPU
		{A1B2C3D4-0002-0000-0000-000000000002}.Release|Any CPU.ActiveCfg = Release|Any CPU
		{A1B2C3D4-0002-0000-0000-000000000002}.Release|Any CPU.Build.0 = Release|Any CPU
		{A1B2C3D4-0003-0000-0000-000000000003}.Debug|Any CPU.ActiveCfg = Debug|Any CPU
		{A1B2C3D4-0003-0000-0000-000000000003}.Debug|Any CPU.Build.0 = Debug|Any CPU
		{A1B2C3D4-0003-0000-0000-000000000003}.Release|Any CPU.ActiveCfg = Release|Any CPU
		{A1B2C3D4-0003-0000-0000-000000000003}.Release|Any CPU.Build.0 = Release|Any CPU
		{A1B2C3D4-0004-0000-0000-000000000004}.Debug|Any CPU.ActiveCfg = Debug|Any CPU
		{A1B2C3D4-0004-0000-0000-000000000004}.Debug|Any CPU.Build.0 = Debug|Any CPU
		{A1B2C3D4-0004-0000-0000-000000000004}.Release|Any CPU.ActiveCfg = Release|Any CPU
		{A1B2C3D4-0004-0000-0000-000000000004}.Release|Any CPU.Build.0 = Release|Any CPU
		{A1B2C3D4-0005-0000-0000-000000000005}.Debug|Any CPU.ActiveCfg = Debug|Any CPU
		{A1B2C3D4-0005-0000-0000-000000000005}.Debug|Any CPU.Build.0 = Debug|Any CPU
		{A1B2C3D4-0005-0000-0000-000000000005}.Release|Any CPU.ActiveCfg = Release|Any CPU
		{A1B2C3D4-0005-0000-0000-000000000005}.Release|Any CPU.Build.0 = Release|Any CPU
		{A1B2C3D4-0006-0000-0000-000000000006}.Debug|Any CPU.ActiveCfg = Debug|Any CPU
		{A1B2C3D4-0006-0000-0000-000000000006}.Debug|Any CPU.Build.0 = Debug|Any CPU
		{A1B2C3D4-0006-0000-0000-000000000006}.Release|Any CPU.ActiveCfg = Release|Any CPU
		{A1B2C3D4-0006-0000-0000-000000000006}.Release|Any CPU.Build.0 = Release|Any CPU
		{A1B2C3D4-0101-0000-0000-000000000101}.Debug|Any CPU.ActiveCfg = Debug|Any CPU
		{A1B2C3D4-0101-0000-0000-000000000101}.Debug|Any CPU.Build.0 = Debug|Any CPU
		{A1B2C3D4-0101-0000-0000-000000000101}.Release|Any CPU.ActiveCfg = Release|Any CPU
		{A1B2C3D4-0101-0000-0000-000000000101}.Release|Any CPU.Build.0 = Release|Any CPU
		{A1B2C3D4-0102-0000-0000-000000000102}.Debug|Any CPU.ActiveCfg = Debug|Any CPU
		{A1B2C3D4-0102-0000-0000-000000000102}.Debug|Any CPU.Build.0 = Debug|Any CPU
		{A1B2C3D4-0102-0000-0000-000000000102}.Release|Any CPU.ActiveCfg = Release|Any CPU
		{A1B2C3D4-0102-0000-0000-000000000102}.Release|Any CPU.Build.0 = Release|Any CPU
		{A1B2C3D4-0103-0000-0000-000000000103}.Debug|Any CPU.ActiveCfg = Debug|Any CPU
		{A1B2C3D4-0103-0000-0000-000000000103}.Debug|Any CPU.Build.0 = Debug|Any CPU
		{A1B2C3D4-0103-0000-0000-000000000103}.Release|Any CPU.ActiveCfg = Release|Any CPU
		{A1B2C3D4-0103-0000-0000-000000000103}.Release|Any CPU.Build.0 = Release|Any CPU
		{A1B2C3D4-0104-0000-0000-000000000104}.Debug|Any CPU.ActiveCfg = Debug|Any CPU
		{A1B2C3D4-0104-0000-0000-000000000104}.Debug|Any CPU.Build.0 = Debug|Any CPU
		{A1B2C3D4-0104-0000-0000-000000000104}.Release|Any CPU.ActiveCfg = Release|Any CPU
		{A1B2C3D4-0104-0000-0000-000000000104}.Release|Any CPU.Build.0 = Release|Any CPU
		{A1B2C3D4-0105-0000-0000-000000000105}.Debug|Any CPU.ActiveCfg = Debug|Any CPU
		{A1B2C3D4-0105-0000-0000-000000000105}.Debug|Any CPU.Build.0 = Debug|Any CPU
		{A1B2C3D4-0105-0000-0000-000000000105}.Release|Any CPU.ActiveCfg = Release|Any CPU
		{A1B2C3D4-0105-0000-0000-000000000105}.Release|Any CPU.Build.0 = Release|Any CPU
	EndGlobalSection
EndGlobal
